
Microsoft Visual Studio Solution File, Format Version 12.00
# Visual Studio Version 16
VisualStudioVersion = 16.0.28711.60
MinimumVisualStudioVersion = 10.0.40219.1
Project("{FAE04EC0-301F-11D3-BF4B-00C04F79EFBC}") = "GetUp", "GetUp\GetUp.csproj", "{0258BEF5-5699-4884-A10A-368201BB4042}"
EndProject
Project("{FAE04EC0-301F-11D3-BF4B-00C04F79EFBC}") = "RuntimeComponent_GUFL", "RuntimeComponent_GUFL\RuntimeComponent_GUFL.csproj", "{5DF1C2D1-3DAF-459B-A7C2-0EF7958E9DA5}"
EndProject
Project("{FAE04EC0-301F-11D3-BF4B-00C04F79EFBC}") = "GetUpView", "GetUpView\GetUpView.csproj", "{8F030C6F-7294-4FD7-A958-C87404C80B59}"
EndProject
Project("{C7167F0D-BC9F-4E6E-AFE1-012C56B48DB5}") = "GetUpUWPPackage", "GetUpUWPPackage\GetUpUWPPackage.wapproj", "{ECB54D0B-42C3-4EE7-BE1B-13B41B7002E5}"
EndProject
Global
	GlobalSection(SolutionConfigurationPlatforms) = preSolution
		Debug|Any CPU = Debug|Any CPU
		Debug|ARM = Debug|ARM
		Debug|ARM64 = Debug|ARM64
		Debug|x64 = Debug|x64
		Debug|x86 = Debug|x86
		Release|Any CPU = Release|Any CPU
		Release|ARM = Release|ARM
		Release|ARM64 = Release|ARM64
		Release|x64 = Release|x64
		Release|x86 = Release|x86
	EndGlobalSection
	GlobalSection(ProjectConfigurationPlatforms) = postSolution
		{0258BEF5-5699-4884-A10A-368201BB4042}.Debug|Any CPU.ActiveCfg = Debug|Any CPU
		{0258BEF5-5699-4884-A10A-368201BB4042}.Debug|Any CPU.Build.0 = Debug|Any CPU
		{0258BEF5-5699-4884-A10A-368201BB4042}.Debug|ARM.ActiveCfg = Debug|Any CPU
		{0258BEF5-5699-4884-A10A-368201BB4042}.Debug|ARM.Build.0 = Debug|Any CPU
		{0258BEF5-5699-4884-A10A-368201BB4042}.Debug|ARM64.ActiveCfg = Debug|Any CPU
		{0258BEF5-5699-4884-A10A-368201BB4042}.Debug|ARM64.Build.0 = Debug|Any CPU
		{0258BEF5-5699-4884-A10A-368201BB4042}.Debug|x64.ActiveCfg = Debug|Any CPU
		{0258BEF5-5699-4884-A10A-368201BB4042}.Debug|x64.Build.0 = Debug|Any CPU
		{0258BEF5-5699-4884-A10A-368201BB4042}.Debug|x86.ActiveCfg = Debug|x86
		{0258BEF5-5699-4884-A10A-368201BB4042}.Debug|x86.Build.0 = Debug|x86
		{0258BEF5-5699-4884-A10A-368201BB4042}.Release|Any CPU.ActiveCfg = Release|Any CPU
		{0258BEF5-5699-4884-A10A-368201BB4042}.Release|Any CPU.Build.0 = Release|Any CPU
		{0258BEF5-5699-4884-A10A-368201BB4042}.Release|ARM.ActiveCfg = Release|Any CPU
		{0258BEF5-5699-4884-A10A-368201BB4042}.Release|ARM.Build.0 = Release|Any CPU
		{0258BEF5-5699-4884-A10A-368201BB4042}.Release|ARM64.ActiveCfg = Release|Any CPU
		{0258BEF5-5699-4884-A10A-368201BB4042}.Release|ARM64.Build.0 = Release|Any CPU
		{0258BEF5-5699-4884-A10A-368201BB4042}.Release|x64.ActiveCfg = Release|Any CPU
		{0258BEF5-5699-4884-A10A-368201BB4042}.Release|x64.Build.0 = Release|Any CPU
		{0258BEF5-5699-4884-A10A-368201BB4042}.Release|x86.ActiveCfg = Release|Any CPU
		{0258BEF5-5699-4884-A10A-368201BB4042}.Release|x86.Build.0 = Release|Any CPU
		{5DF1C2D1-3DAF-459B-A7C2-0EF7958E9DA5}.Debug|Any CPU.ActiveCfg = Debug|x86
		{5DF1C2D1-3DAF-459B-A7C2-0EF7958E9DA5}.Debug|Any CPU.Build.0 = Debug|x86
		{5DF1C2D1-3DAF-459B-A7C2-0EF7958E9DA5}.Debug|ARM.ActiveCfg = Debug|ARM
		{5DF1C2D1-3DAF-459B-A7C2-0EF7958E9DA5}.Debug|ARM.Build.0 = Debug|ARM
		{5DF1C2D1-3DAF-459B-A7C2-0EF7958E9DA5}.Debug|ARM64.ActiveCfg = Debug|ARM64
		{5DF1C2D1-3DAF-459B-A7C2-0EF7958E9DA5}.Debug|ARM64.Build.0 = Debug|ARM64
		{5DF1C2D1-3DAF-459B-A7C2-0EF7958E9DA5}.Debug|x64.ActiveCfg = Debug|x64
		{5DF1C2D1-3DAF-459B-A7C2-0EF7958E9DA5}.Debug|x64.Build.0 = Debug|x64
		{5DF1C2D1-3DAF-459B-A7C2-0EF7958E9DA5}.Debug|x86.ActiveCfg = Debug|x86
		{5DF1C2D1-3DAF-459B-A7C2-0EF7958E9DA5}.Debug|x86.Build.0 = Debug|x86
		{5DF1C2D1-3DAF-459B-A7C2-0EF7958E9DA5}.Release|Any CPU.ActiveCfg = Release|Any CPU
		{5DF1C2D1-3DAF-459B-A7C2-0EF7958E9DA5}.Release|Any CPU.Build.0 = Release|Any CPU
		{5DF1C2D1-3DAF-459B-A7C2-0EF7958E9DA5}.Release|ARM.ActiveCfg = Release|ARM
		{5DF1C2D1-3DAF-459B-A7C2-0EF7958E9DA5}.Release|ARM.Build.0 = Release|ARM
		{5DF1C2D1-3DAF-459B-A7C2-0EF7958E9DA5}.Release|ARM64.ActiveCfg = Release|ARM64
		{5DF1C2D1-3DAF-459B-A7C2-0EF7958E9DA5}.Release|ARM64.Build.0 = Release|ARM64
		{5DF1C2D1-3DAF-459B-A7C2-0EF7958E9DA5}.Release|x64.ActiveCfg = Release|x64
		{5DF1C2D1-3DAF-459B-A7C2-0EF7958E9DA5}.Release|x64.Build.0 = Release|x64
		{5DF1C2D1-3DAF-459B-A7C2-0EF7958E9DA5}.Release|x86.ActiveCfg = Release|x86
		{5DF1C2D1-3DAF-459B-A7C2-0EF7958E9DA5}.Release|x86.Build.0 = Release|x86
		{8F030C6F-7294-4FD7-A958-C87404C80B59}.Debug|Any CPU.ActiveCfg = Debug|x86
		{8F030C6F-7294-4FD7-A958-C87404C80B59}.Debug|ARM.ActiveCfg = Debug|ARM
		{8F030C6F-7294-4FD7-A958-C87404C80B59}.Debug|ARM.Build.0 = Debug|ARM
		{8F030C6F-7294-4FD7-A958-C87404C80B59}.Debug|ARM.Deploy.0 = Debug|ARM
		{8F030C6F-7294-4FD7-A958-C87404C80B59}.Debug|ARM64.ActiveCfg = Debug|ARM64
		{8F030C6F-7294-4FD7-A958-C87404C80B59}.Debug|ARM64.Build.0 = Debug|ARM64
		{8F030C6F-7294-4FD7-A958-C87404C80B59}.Debug|ARM64.Deploy.0 = Debug|ARM64
		{8F030C6F-7294-4FD7-A958-C87404C80B59}.Debug|x64.ActiveCfg = Debug|x64
		{8F030C6F-7294-4FD7-A958-C87404C80B59}.Debug|x64.Build.0 = Debug|x64
		{8F030C6F-7294-4FD7-A958-C87404C80B59}.Debug|x64.Deploy.0 = Debug|x64
		{8F030C6F-7294-4FD7-A958-C87404C80B59}.Debug|x86.ActiveCfg = Debug|x86
		{8F030C6F-7294-4FD7-A958-C87404C80B59}.Debug|x86.Build.0 = Debug|x86
		{8F030C6F-7294-4FD7-A958-C87404C80B59}.Debug|x86.Deploy.0 = Debug|x86
		{8F030C6F-7294-4FD7-A958-C87404C80B59}.Release|Any CPU.ActiveCfg = Release|x86
		{8F030C6F-7294-4FD7-A958-C87404C80B59}.Release|ARM.ActiveCfg = Release|ARM
		{8F030C6F-7294-4FD7-A958-C87404C80B59}.Release|ARM.Build.0 = Release|ARM
		{8F030C6F-7294-4FD7-A958-C87404C80B59}.Release|ARM.Deploy.0 = Release|ARM
		{8F030C6F-7294-4FD7-A958-C87404C80B59}.Release|ARM64.ActiveCfg = Release|ARM64
		{8F030C6F-7294-4FD7-A958-C87404C80B59}.Release|ARM64.Build.0 = Release|ARM64
		{8F030C6F-7294-4FD7-A958-C87404C80B59}.Release|ARM64.Deploy.0 = Release|ARM64
		{8F030C6F-7294-4FD7-A958-C87404C80B59}.Release|x64.ActiveCfg = Release|x64
		{8F030C6F-7294-4FD7-A958-C87404C80B59}.Release|x64.Build.0 = Release|x64
		{8F030C6F-7294-4FD7-A958-C87404C80B59}.Release|x64.Deploy.0 = Release|x64
		{8F030C6F-7294-4FD7-A958-C87404C80B59}.Release|x86.ActiveCfg = Release|x86
		{8F030C6F-7294-4FD7-A958-C87404C80B59}.Release|x86.Build.0 = Release|x86
		{8F030C6F-7294-4FD7-A958-C87404C80B59}.Release|x86.Deploy.0 = Release|x86
		{ECB54D0B-42C3-4EE7-BE1B-13B41B7002E5}.Debug|Any CPU.ActiveCfg = Debug|x86
		{ECB54D0B-42C3-4EE7-BE1B-13B41B7002E5}.Debug|Any CPU.Build.0 = Debug|x86
		{ECB54D0B-42C3-4EE7-BE1B-13B41B7002E5}.Debug|Any CPU.Deploy.0 = Debug|x86
		{ECB54D0B-42C3-4EE7-BE1B-13B41B7002E5}.Debug|ARM.ActiveCfg = Debug|ARM
		{ECB54D0B-42C3-4EE7-BE1B-13B41B7002E5}.Debug|ARM.Build.0 = Debug|ARM
		{ECB54D0B-42C3-4EE7-BE1B-13B41B7002E5}.Debug|ARM.Deploy.0 = Debug|ARM
		{ECB54D0B-42C3-4EE7-BE1B-13B41B7002E5}.Debug|ARM64.ActiveCfg = Debug|ARM64
		{ECB54D0B-42C3-4EE7-BE1B-13B41B7002E5}.Debug|ARM64.Build.0 = Debug|ARM64
		{ECB54D0B-42C3-4EE7-BE1B-13B41B7002E5}.Debug|ARM64.Deploy.0 = Debug|ARM64
		{ECB54D0B-42C3-4EE7-BE1B-13B41B7002E5}.Debug|x64.ActiveCfg = Debug|x64
		{ECB54D0B-42C3-4EE7-BE1B-13B41B7002E5}.Debug|x64.Build.0 = Debug|x64
		{ECB54D0B-42C3-4EE7-BE1B-13B41B7002E5}.Debug|x64.Deploy.0 = Debug|x64
		{ECB54D0B-42C3-4EE7-BE1B-13B41B7002E5}.Debug|x86.ActiveCfg = Debug|x86
		{ECB54D0B-42C3-4EE7-BE1B-13B41B7002E5}.Debug|x86.Build.0 = Debug|x86
		{ECB54D0B-42C3-4EE7-BE1B-13B41B7002E5}.Debug|x86.Deploy.0 = Debug|x86
		{ECB54D0B-42C3-4EE7-BE1B-13B41B7002E5}.Release|Any CPU.ActiveCfg = Release|Any CPU
		{ECB54D0B-42C3-4EE7-BE1B-13B41B7002E5}.Release|Any CPU.Build.0 = Release|Any CPU
		{ECB54D0B-42C3-4EE7-BE1B-13B41B7002E5}.Release|Any CPU.Deploy.0 = Release|Any CPU
		{ECB54D0B-42C3-4EE7-BE1B-13B41B7002E5}.Release|ARM.ActiveCfg = Release|ARM
		{ECB54D0B-42C3-4EE7-BE1B-13B41B7002E5}.Release|ARM.Build.0 = Release|ARM
		{ECB54D0B-42C3-4EE7-BE1B-13B41B7002E5}.Release|ARM.Deploy.0 = Release|ARM
		{ECB54D0B-42C3-4EE7-BE1B-13B41B7002E5}.Release|ARM64.ActiveCfg = Release|ARM64
		{ECB54D0B-42C3-4EE7-BE1B-13B41B7002E5}.Release|ARM64.Build.0 = Release|ARM64
		{ECB54D0B-42C3-4EE7-BE1B-13B41B7002E5}.Release|ARM64.Deploy.0 = Release|ARM64
		{ECB54D0B-42C3-4EE7-BE1B-13B41B7002E5}.Release|x64.ActiveCfg = Release|x64
		{ECB54D0B-42C3-4EE7-BE1B-13B41B7002E5}.Release|x64.Build.0 = Release|x64
		{ECB54D0B-42C3-4EE7-BE1B-13B41B7002E5}.Release|x64.Deploy.0 = Release|x64
		{ECB54D0B-42C3-4EE7-BE1B-13B41B7002E5}.Release|x86.ActiveCfg = Release|x86
		{ECB54D0B-42C3-4EE7-BE1B-13B41B7002E5}.Release|x86.Build.0 = Release|x86
		{ECB54D0B-42C3-4EE7-BE1B-13B41B7002E5}.Release|x86.Deploy.0 = Release|x86
	EndGlobalSection
	GlobalSection(SolutionProperties) = preSolution
		HideSolutionNode = FALSE
	EndGlobalSection
	GlobalSection(ExtensibilityGlobals) = postSolution
		SolutionGuid = {5D413921-0779-4ECB-91A4-D70180689B12}
	EndGlobalSection
EndGlobal
